# DO NOT EDIT MANUALLY - Managed by Fern Replay
version: "1.0"
generations:
  - commit_sha: c31ba246caa9980652b68581491a44b33f63ebab
    tree_hash: 09bdd19cc25c1ccf7b6402af6950744bd3df7a7e
    timestamp: 2026-06-08T20:30:53.349Z
    cli_version: unknown
    generator_versions: {}
current_generation: c31ba246caa9980652b68581491a44b33f63ebab
patches: []
