# DO NOT EDIT MANUALLY - Managed by Fern Replay
version: "1.0"
generations:
  - commit_sha: c31ba246caa9980652b68581491a44b33f63ebab
    tree_hash: 09bdd19cc25c1ccf7b6402af6950744bd3df7a7e
    timestamp: 2026-06-08T20:30:53.349Z
    cli_version: unknown
    generator_versions: {}
  - commit_sha: 36bb1237b74443f66d71980ff4a5f5593724ca8c
    tree_hash: 2f47068593d7098c3a7a8737afff8f7d230ab97c
    timestamp: 2026-07-10T20:45:12.790Z
    cli_version: unknown
    generator_versions:
      fernapi/fern-typescript-sdk: 3.59.11
  - commit_sha: a2cda7d53e55d58801ffc366b2aaa8dd8ec7b41c
    tree_hash: 17fd8ea7f7e709af77f2cb736f71773a6b2f3912
    timestamp: 2026-07-22T04:34:22.563Z
    cli_version: unknown
    generator_versions:
      fernapi/fern-typescript-sdk: 3.59.11
  - commit_sha: 17638afc5ef868df0d8713d0b09db997a5fb486c
    tree_hash: f130b26d6f9c451414247ee76e6a832302d84248
    timestamp: 2026-08-05T06:31:32.474Z
    cli_version: unknown
    generator_versions:
      fernapi/fern-typescript-sdk: 3.59.11
current_generation: 17638afc5ef868df0d8713d0b09db997a5fb486c
patches: []
dismissals:
  - patch_id: patch-2cea08b9
    original_commit: 2cea08b9873158265af0250bd620c2f99aee678e
    original_message: Reconnect on 1012 / 1001-restarting, not just 1006 (PHO-2278) (#209)
    content_hashes:
      - sha256:759636a94f96bd82761d753460c44e2cc13fa15e2fa34b8e47e25a8d8be9236b
    dismissed_at: 2026-08-05T06:37:26.233Z
    via: forget
forgotten_hashes:
  - sha256:759636a94f96bd82761d753460c44e2cc13fa15e2fa34b8e47e25a8d8be9236b
